
Microsoft Visual Studio Solution File, Format Version 12.00
# Visual Studio 15
Project("{FAE04EC0-301F-11D3-BF4B-00C04F79EFBC}") = "Assembly-CSharp", "Assembly-CSharp.csproj", "{0B07DC91-F9D8-6111-C3BB-BD93E36FD923}"
EndProject
Global
	GlobalSection(SolutionConfigurationPlatforms) = preSolution
		Debug|Any CPU = Debug|Any CPU
		Release|Any CPU = Release|Any CPU
	EndGlobalSection
	GlobalSection(ProjectConfigurationPlatforms) = postSolution
		{0B07DC91-F9D8-6111-C3BB-BD93E36FD923}.Debug|Any CPU.ActiveCfg = Debug|Any CPU
		{0B07DC91-F9D8-6111-C3BB-BD93E36FD923}.Debug|Any CPU.Build.0 = Debug|Any CPU
		{0B07DC91-F9D8-6111-C3BB-BD93E36FD923}.Release|Any CPU.ActiveCfg = Release|Any CPU
		{0B07DC91-F9D8-6111-C3BB-BD93E36FD923}.Release|Any CPU.Build.0 = Release|Any CPU
	EndGlobalSection
	GlobalSection(SolutionProperties) = preSolution
		HideSolutionNode = FALSE
	EndGlobalSection
EndGlobal
